
Microsoft Visual Studio Solution File, Format Version 12.00
# Visual Studio Version 16
VisualStudioVersion = 16.0.810.7
MinimumVisualStudioVersion = 10.0.40219.1
Project("{FAE04EC0-301F-11D3-BF4B-00C04F79EFBC}") = "BuilderPattern", "BuilderPattern\BuilderPattern.csproj", "{6ECEEBC8-D2EF-4868-A23C-0515DC538697}"
EndProject
Global
	GlobalSection(SolutionConfigurationPlatforms) = preSolution
		Debug|Any CPU = Debug|Any CPU
		Release|Any CPU = Release|Any CPU
	EndGlobalSection
	GlobalSection(ProjectConfigurationPlatforms) = postSolution
		{6ECEEBC8-D2EF-4868-A23C-0515DC538697}.Debug|Any CPU.ActiveCfg = Debug|Any CPU
		{6ECEEBC8-D2EF-4868-A23C-0515DC538697}.Debug|Any CPU.Build.0 = Debug|Any CPU
		{6ECEEBC8-D2EF-4868-A23C-0515DC538697}.Release|Any CPU.ActiveCfg = Release|Any CPU
		{6ECEEBC8-D2EF-4868-A23C-0515DC538697}.Release|Any CPU.Build.0 = Release|Any CPU
	EndGlobalSection
	GlobalSection(SolutionProperties) = preSolution
		HideSolutionNode = FALSE
	EndGlobalSection
	GlobalSection(ExtensibilityGlobals) = postSolution
		SolutionGuid = {BD5271A8-11AB-4CDE-B61A-6A5E79276933}
	EndGlobalSection
EndGlobal
